
Microsoft Visual Studio Solution File, Format Version 12.00
# Visual Studio Version 17
VisualStudioVersion = 17.14.36915.13 d17.14
MinimumVisualStudioVersion = 10.0.40219.1
Project("{FAE04EC0-301F-11D3-BF4B-00C04F79EFBC}") = "CRUD Penjualan", "CRUD Penjualan\CRUD Penjualan.csproj", "{22D01EDA-6B83-41D1-BE1C-201150FB70B7}"
EndProject
Global
	GlobalSection(SolutionConfigurationPlatforms) = preSolution
		Debug|Any CPU = Debug|Any CPU
		Release|Any CPU = Release|Any CPU
	EndGlobalSection
	GlobalSection(ProjectConfigurationPlatforms) = postSolution
		{22D01EDA-6B83-41D1-BE1C-201150FB70B7}.Debug|Any CPU.ActiveCfg = Debug|Any CPU
		{22D01EDA-6B83-41D1-BE1C-201150FB70B7}.Debug|Any CPU.Build.0 = Debug|Any CPU
		{22D01EDA-6B83-41D1-BE1C-201150FB70B7}.Release|Any CPU.ActiveCfg = Release|Any CPU
		{22D01EDA-6B83-41D1-BE1C-201150FB70B7}.Release|Any CPU.Build.0 = Release|Any CPU
	EndGlobalSection
	GlobalSection(SolutionProperties) = preSolution
		HideSolutionNode = FALSE
	EndGlobalSection
	GlobalSection(ExtensibilityGlobals) = postSolution
		SolutionGuid = {5B0CDD95-E4BF-4C01-A668-BB91BE74A6D4}
	EndGlobalSection
EndGlobal
