
Microsoft Visual Studio Solution File, Format Version 12.00
# Visual Studio Version 17
VisualStudioVersion = 17.14.36310.24 d17.14
MinimumVisualStudioVersion = 10.0.40219.1
Project("{FAE04EC0-301F-11D3-BF4B-00C04F79EFBC}") = "Latihan 14", "Latihan 14\Latihan 14.csproj", "{62A98DA6-D47E-48B5-96EA-9BCC7DB710D7}"
EndProject
Global
	GlobalSection(SolutionConfigurationPlatforms) = preSolution
		Debug|Any CPU = Debug|Any CPU
		Release|Any CPU = Release|Any CPU
	EndGlobalSection
	GlobalSection(ProjectConfigurationPlatforms) = postSolution
		{62A98DA6-D47E-48B5-96EA-9BCC7DB710D7}.Debug|Any CPU.ActiveCfg = Debug|Any CPU
		{62A98DA6-D47E-48B5-96EA-9BCC7DB710D7}.Debug|Any CPU.Build.0 = Debug|Any CPU
		{62A98DA6-D47E-48B5-96EA-9BCC7DB710D7}.Release|Any CPU.ActiveCfg = Release|Any CPU
		{62A98DA6-D47E-48B5-96EA-9BCC7DB710D7}.Release|Any CPU.Build.0 = Release|Any CPU
	EndGlobalSection
	GlobalSection(SolutionProperties) = preSolution
		HideSolutionNode = FALSE
	EndGlobalSection
	GlobalSection(ExtensibilityGlobals) = postSolution
		SolutionGuid = {D27DB9C2-080D-4E06-963D-D0A337A27CBB}
	EndGlobalSection
EndGlobal
