
Microsoft Visual Studio Solution File, Format Version 12.00
# Visual Studio Version 17
VisualStudioVersion = 17.14.36310.24 d17.14
MinimumVisualStudioVersion = 10.0.40219.1
Project("{FAE04EC0-301F-11D3-BF4B-00C04F79EFBC}") = "Latihan 4", "Latihan 4\Latihan 4.csproj", "{783F9D81-CD41-4A17-A921-FBA10FA553FA}"
EndProject
Global
	GlobalSection(SolutionConfigurationPlatforms) = preSolution
		Debug|Any CPU = Debug|Any CPU
		Release|Any CPU = Release|Any CPU
	EndGlobalSection
	GlobalSection(ProjectConfigurationPlatforms) = postSolution
		{783F9D81-CD41-4A17-A921-FBA10FA553FA}.Debug|Any CPU.ActiveCfg = Debug|Any CPU
		{783F9D81-CD41-4A17-A921-FBA10FA553FA}.Debug|Any CPU.Build.0 = Debug|Any CPU
		{783F9D81-CD41-4A17-A921-FBA10FA553FA}.Release|Any CPU.ActiveCfg = Release|Any CPU
		{783F9D81-CD41-4A17-A921-FBA10FA553FA}.Release|Any CPU.Build.0 = Release|Any CPU
	EndGlobalSection
	GlobalSection(SolutionProperties) = preSolution
		HideSolutionNode = FALSE
	EndGlobalSection
	GlobalSection(ExtensibilityGlobals) = postSolution
		SolutionGuid = {C0304148-DA7A-4628-A8BC-372D6A052E72}
	EndGlobalSection
EndGlobal
