
Microsoft Visual Studio Solution File, Format Version 12.00
# Visual Studio Version 17
VisualStudioVersion = 17.14.36915.13 d17.14
MinimumVisualStudioVersion = 10.0.40219.1
Project("{FAE04EC0-301F-11D3-BF4B-00C04F79EFBC}") = "Motor[Maleke]", "Motor[Maleke]\Motor[Maleke].csproj", "{F4A81510-3B0A-45BD-AAD7-86458B719FC7}"
EndProject
Global
	GlobalSection(SolutionConfigurationPlatforms) = preSolution
		Debug|Any CPU = Debug|Any CPU
		Release|Any CPU = Release|Any CPU
	EndGlobalSection
	GlobalSection(ProjectConfigurationPlatforms) = postSolution
		{F4A81510-3B0A-45BD-AAD7-86458B719FC7}.Debug|Any CPU.ActiveCfg = Debug|Any CPU
		{F4A81510-3B0A-45BD-AAD7-86458B719FC7}.Debug|Any CPU.Build.0 = Debug|Any CPU
		{F4A81510-3B0A-45BD-AAD7-86458B719FC7}.Release|Any CPU.ActiveCfg = Release|Any CPU
		{F4A81510-3B0A-45BD-AAD7-86458B719FC7}.Release|Any CPU.Build.0 = Release|Any CPU
	EndGlobalSection
	GlobalSection(SolutionProperties) = preSolution
		HideSolutionNode = FALSE
	EndGlobalSection
	GlobalSection(ExtensibilityGlobals) = postSolution
		SolutionGuid = {74818465-8DC6-4DFC-BAE1-6C9D7235940D}
	EndGlobalSection
EndGlobal
